
Microsoft Visual Studio Solution File, Format Version 12.00
# Visual Studio Version 16
VisualStudioVersion = 16.0.31321.278
MinimumVisualStudioVersion = 10.0.40219.1
Project("{FAE04EC0-301F-11D3-BF4B-00C04F79EFBC}") = "AccessManager", "AccessManager\AccessManager.csproj", "{843D1C6B-AF5A-451F-9080-4691E3599163}"
EndProject
Global
	GlobalSection(SolutionConfigurationPlatforms) = preSolution
		Debug|Any CPU = Debug|Any CPU
		Release|Any CPU = Release|Any CPU
	EndGlobalSection
	GlobalSection(ProjectConfigurationPlatforms) = postSolution
		{843D1C6B-AF5A-451F-9080-4691E3599163}.Debug|Any CPU.ActiveCfg = Debug|Any CPU
		{843D1C6B-AF5A-451F-9080-4691E3599163}.Debug|Any CPU.Build.0 = Debug|Any CPU
		{843D1C6B-AF5A-451F-9080-4691E3599163}.Release|Any CPU.ActiveCfg = Release|Any CPU
		{843D1C6B-AF5A-451F-9080-4691E3599163}.Release|Any CPU.Build.0 = Release|Any CPU
	EndGlobalSection
	GlobalSection(SolutionProperties) = preSolution
		HideSolutionNode = FALSE
	EndGlobalSection
	GlobalSection(ExtensibilityGlobals) = postSolution
		SolutionGuid = {84412758-D351-4F5D-96DD-7AB3E7488638}
	EndGlobalSection
EndGlobal
